
Microsoft Visual Studio Solution File, Format Version 12.00
# Visual Studio Version 16
VisualStudioVersion = 16.0.30717.126
MinimumVisualStudioVersion = 10.0.40219.1
Project("{FAE04EC0-301F-11D3-BF4B-00C04F79EFBC}") = "HW MOD 5 and 6_4 last element in stack", "HW MOD 5 and 6_4 last element in stack.csproj", "{D73218F0-C927-4FE1-97B2-AD4B440F8FE4}"
EndProject
Global
	GlobalSection(SolutionConfigurationPlatforms) = preSolution
		Debug|Any CPU = Debug|Any CPU
		Release|Any CPU = Release|Any CPU
	EndGlobalSection
	GlobalSection(ProjectConfigurationPlatforms) = postSolution
		{D73218F0-C927-4FE1-97B2-AD4B440F8FE4}.Debug|Any CPU.ActiveCfg = Debug|Any CPU
		{D73218F0-C927-4FE1-97B2-AD4B440F8FE4}.Debug|Any CPU.Build.0 = Debug|Any CPU
		{D73218F0-C927-4FE1-97B2-AD4B440F8FE4}.Release|Any CPU.ActiveCfg = Release|Any CPU
		{D73218F0-C927-4FE1-97B2-AD4B440F8FE4}.Release|Any CPU.Build.0 = Release|Any CPU
	EndGlobalSection
	GlobalSection(SolutionProperties) = preSolution
		HideSolutionNode = FALSE
	EndGlobalSection
	GlobalSection(ExtensibilityGlobals) = postSolution
		SolutionGuid = {A722422F-B36F-404A-BF33-51DDB8F7BF99}
	EndGlobalSection
EndGlobal
